
Microsoft Visual Studio Solution File, Format Version 12.00
# Visual Studio Version 17
VisualStudioVersion = 17.6.33815.320
MinimumVisualStudioVersion = 10.0.40219.1
Project("{2150E333-8FDC-42A3-9474-1A3956D46DE8}") = "Resume.Presentation", "Resume.Presentation", "{A628464E-02DC-4F2C-B917-5372177183F4}"
EndProject
Project("{FAE04EC0-301F-11D3-BF4B-00C04F79EFBC}") = "Resume.Presentation", "Resume.Presentation\Resume.Presentation.csproj", "{87CB195A-0B97-43CE-B039-F560873FFC97}"
EndProject
Global
	GlobalSection(SolutionConfigurationPlatforms) = preSolution
		Debug|Any CPU = Debug|Any CPU
		Release|Any CPU = Release|Any CPU
	EndGlobalSection
	GlobalSection(ProjectConfigurationPlatforms) = postSolution
		{87CB195A-0B97-43CE-B039-F560873FFC97}.Debug|Any CPU.ActiveCfg = Debug|Any CPU
		{87CB195A-0B97-43CE-B039-F560873FFC97}.Debug|Any CPU.Build.0 = Debug|Any CPU
		{87CB195A-0B97-43CE-B039-F560873FFC97}.Release|Any CPU.ActiveCfg = Release|Any CPU
		{87CB195A-0B97-43CE-B039-F560873FFC97}.Release|Any CPU.Build.0 = Release|Any CPU
	EndGlobalSection
	GlobalSection(SolutionProperties) = preSolution
		HideSolutionNode = FALSE
	EndGlobalSection
	GlobalSection(NestedProjects) = preSolution
		{87CB195A-0B97-43CE-B039-F560873FFC97} = {A628464E-02DC-4F2C-B917-5372177183F4}
	EndGlobalSection
	GlobalSection(ExtensibilityGlobals) = postSolution
		SolutionGuid = {D8809BFE-8D6F-4ADE-9416-B84A9B5BA31C}
	EndGlobalSection
EndGlobal
